
Microsoft Visual Studio Solution File, Format Version 12.00
# Visual Studio Version 16
VisualStudioVersion = 16.0.33130.400
MinimumVisualStudioVersion = 10.0.40219.1
Project("{9A19103F-16F7-4668-BE54-9A1E7A4F7556}") = "Gateway", "Gateway.csproj", "{0529DF3C-D009-41E0-B6B2-DA5C9DDA31A8}"
EndProject
Global
	GlobalSection(SolutionConfigurationPlatforms) = preSolution
		Debug|Any CPU = Debug|Any CPU
		Release|Any CPU = Release|Any CPU
	EndGlobalSection
	GlobalSection(ProjectConfigurationPlatforms) = postSolution
		{0529DF3C-D009-41E0-B6B2-DA5C9DDA31A8}.Debug|Any CPU.ActiveCfg = Debug|Any CPU
		{0529DF3C-D009-41E0-B6B2-DA5C9DDA31A8}.Debug|Any CPU.Build.0 = Debug|Any CPU
		{0529DF3C-D009-41E0-B6B2-DA5C9DDA31A8}.Release|Any CPU.ActiveCfg = Release|Any CPU
		{0529DF3C-D009-41E0-B6B2-DA5C9DDA31A8}.Release|Any CPU.Build.0 = Release|Any CPU
	EndGlobalSection
	GlobalSection(SolutionProperties) = preSolution
		HideSolutionNode = FALSE
	EndGlobalSection
	GlobalSection(ExtensibilityGlobals) = postSolution
		SolutionGuid = {50E26696-C1A3-4131-9510-124F50A9AA7F}
	EndGlobalSection
EndGlobal
